
Microsoft Visual Studio Solution File, Format Version 12.00
Project("{FAE04EC0-301F-11D3-BF4B-00C04F79EFBC}") = "ToDoApp", "ToDoApp\ToDoApp.csproj", "{8654AAE9-480B-4CEE-95DB-CA6B748B4984}"
EndProject
Project("{FAE04EC0-301F-11D3-BF4B-00C04F79EFBC}") = "ToDoAppModels", "ToDoAppModels\ToDoAppModels.csproj", "{BAE4FC1A-A761-47DC-B865-00415076E0BE}"
EndProject
Global
	GlobalSection(SolutionConfigurationPlatforms) = preSolution
		Debug|Any CPU = Debug|Any CPU
		Release|Any CPU = Release|Any CPU
	EndGlobalSection
	GlobalSection(ProjectConfigurationPlatforms) = postSolution
		{8654AAE9-480B-4CEE-95DB-CA6B748B4984}.Debug|Any CPU.ActiveCfg = Debug|Any CPU
		{8654AAE9-480B-4CEE-95DB-CA6B748B4984}.Debug|Any CPU.Build.0 = Debug|Any CPU
		{8654AAE9-480B-4CEE-95DB-CA6B748B4984}.Release|Any CPU.ActiveCfg = Release|Any CPU
		{8654AAE9-480B-4CEE-95DB-CA6B748B4984}.Release|Any CPU.Build.0 = Release|Any CPU
		{BAE4FC1A-A761-47DC-B865-00415076E0BE}.Debug|Any CPU.ActiveCfg = Debug|Any CPU
		{BAE4FC1A-A761-47DC-B865-00415076E0BE}.Debug|Any CPU.Build.0 = Debug|Any CPU
		{BAE4FC1A-A761-47DC-B865-00415076E0BE}.Release|Any CPU.ActiveCfg = Release|Any CPU
		{BAE4FC1A-A761-47DC-B865-00415076E0BE}.Release|Any CPU.Build.0 = Release|Any CPU
	EndGlobalSection
EndGlobal
